// !$*UTF8*$!
{
	archiveVersion = 1;
	classes = {
	};
	objectVersion = 46;
	objects = {

/* Begin PBXBuildFile section */
		28BD4D331CB7590500387028 /* main.m in Sources */ = {isa = PBXBuildFile; fileRef = 28BD4D321CB7590500387028 /* main.m */; };
		28BD4D361CB7590500387028 /* AppDelegate.m in Sources */ = {isa = PBXBuildFile; fileRef = 28BD4D351CB7590500387028 /* AppDelegate.m */; };
		28BD4D391CB7590500387028 /* ViewController.m in Sources */ = {isa = PBXBuildFile; fileRef = 28BD4D381CB7590500387028 /* ViewController.m */; };
		28BD4D3C1CB7590500387028 /* Main.storyboard in Resources */ = {isa = PBXBuildFile; fileRef = 28BD4D3A1CB7590500387028 /* Main.storyboard */; };
		28BD4D3E1CB7590500387028 /* Assets.xcassets in Resources */ = {isa = PBXBuildFile; fileRef = 28BD4D3D1CB7590500387028 /* Assets.xcassets */; };
		28BD4D411CB7590500387028 /* LaunchScreen.storyboard in Resources */ = {isa = PBXBuildFile; fileRef = 28BD4D3F1CB7590500387028 /* LaunchScreen.storyboard */; };
		28BD4D4A1CB75DD200387028 /* YYTextExampleHelper.m in Sources */ = {isa = PBXBuildFile; fileRef = 28BD4D491CB75DD200387028 /* YYTextExampleHelper.m */; };
		28BD4D4C1CB75F0D00387028 /* dribbble256_imageio.png in Resources */ = {isa = PBXBuildFile; fileRef = 28BD4D4B1CB75F0D00387028 /* dribbble256_imageio.png */; };
		28BD4D4E1CB78D9800387028 /* dribbble64_imageio.png in Resources */ = {isa = PBXBuildFile; fileRef = 28BD4D4D1CB78D9800387028 /* dribbble64_imageio.png */; };
		28BD4D511CB7A2C800387028 /* SeViewController.m in Sources */ = {isa = PBXBuildFile; fileRef = 28BD4D501CB7A2C800387028 /* SeViewController.m */; };
		4F86DE7C5BE509E0FD7EABEF /* libPods.a in Frameworks */ = {isa = PBXBuildFile; fileRef = 47886B3A38014E197BCC3AE9 /* libPods.a */; };
/* End PBXBuildFile section */

/* Begin PBXFileReference section */
		28BD4D2E1CB7590500387028 /* DemoYYText.app */ = {isa = PBXFileReference; explicitFileType = wrapper.application; includeInIndex = 0; path = DemoYYText.app; sourceTree = BUILT_PRODUCTS_DIR; };
		28BD4D321CB7590500387028 /* main.m */ = {isa = PBXFileReference; lastKnownFileType = sourcecode.c.objc; path = main.m; sourceTree = "<group>"; };
		28BD4D341CB7590500387028 /* AppDelegate.h */ = {isa = PBXFileReference; lastKnownFileType = sourcecode.c.h; path = AppDelegate.h; sourceTree = "<group>"; };
		28BD4D351CB7590500387028 /* AppDelegate.m */ = {isa = PBXFileReference; lastKnownFileType = sourcecode.c.objc; path = AppDelegate.m; sourceTree = "<group>"; };
		28BD4D371CB7590500387028 /* ViewController.h */ = {isa = PBXFileReference; lastKnownFileType = sourcecode.c.h; path = ViewController.h; sourceTree = "<group>"; };
		28BD4D381CB7590500387028 /* ViewController.m */ = {isa = PBXFileReference; lastKnownFileType = sourcecode.c.objc; path = ViewController.m; sourceTree = "<group>"; };
		28BD4D3B1CB7590500387028 /* Base */ = {isa = PBXFileReference; lastKnownFileType = file.storyboard; name = Base; path = Base.lproj/Main.storyboard; sourceTree = "<group>"; };
		28BD4D3D1CB7590500387028 /* Assets.xcassets */ = {isa = PBXFileReference; lastKnownFileType = folder.assetcatalog; path = Assets.xcassets; sourceTree = "<group>"; };
		28BD4D401CB7590500387028 /* Base */ = {isa = PBXFileReference; lastKnownFileType = file.storyboard; name = Base; path = Base.lproj/LaunchScreen.storyboard; sourceTree = "<group>"; };
		28BD4D421CB7590500387028 /* Info.plist */ = {isa = PBXFileReference; lastKnownFileType = text.plist.xml; path = Info.plist; sourceTree = "<group>"; };
		28BD4D481CB75DD200387028 /* YYTextExampleHelper.h */ = {isa = PBXFileReference; fileEncoding = 4; lastKnownFileType = sourcecode.c.h; path = YYTextExampleHelper.h; sourceTree = "<group>"; };
		28BD4D491CB75DD200387028 /* YYTextExampleHelper.m */ = {isa = PBXFileReference; fileEncoding = 4; lastKnownFileType = sourcecode.c.objc; path = YYTextExampleHelper.m; sourceTree = "<group>"; };
		28BD4D4B1CB75F0D00387028 /* dribbble256_imageio.png */ = {isa = PBXFileReference; lastKnownFileType = image.png; path = dribbble256_imageio.png; sourceTree = "<group>"; };
		28BD4D4D1CB78D9800387028 /* dribbble64_imageio.png */ = {isa = PBXFileReference; lastKnownFileType = image.png; path = dribbble64_imageio.png; sourceTree = "<group>"; };
		28BD4D4F1CB7A2C800387028 /* SeViewController.h */ = {isa = PBXFileReference; fileEncoding = 4; lastKnownFileType = sourcecode.c.h; path = SeViewController.h; sourceTree = "<group>"; };
		28BD4D501CB7A2C800387028 /* SeViewController.m */ = {isa = PBXFileReference; fileEncoding = 4; lastKnownFileType = sourcecode.c.objc; path = SeViewController.m; sourceTree = "<group>"; };
		47886B3A38014E197BCC3AE9 /* libPods.a */ = {isa = PBXFileReference; explicitFileType = archive.ar; includeInIndex = 0; path = libPods.a; sourceTree = BUILT_PRODUCTS_DIR; };
		4FBE1F7903C16172E740FDC7 /* Pods.debug.xcconfig */ = {isa = PBXFileReference; includeInIndex = 1; lastKnownFileType = text.xcconfig; name = Pods.debug.xcconfig; path = "Pods/Target Support Files/Pods/Pods.debug.xcconfig"; sourceTree = "<group>"; };
		63E84DF0148655B8538E1245 /* Pods.release.xcconfig */ = {isa = PBXFileReference; includeInIndex = 1; lastKnownFileType = text.xcconfig; name = Pods.release.xcconfig; path = "Pods/Target Support Files/Pods/Pods.release.xcconfig"; sourceTree = "<group>"; };
/* End PBXFileReference section */

/* Begin PBXFrameworksBuildPhase section */
		28BD4D2B1CB7590500387028 /* Frameworks */ = {
			isa = PBXFrameworksBuildPhase;
			buildActionMask = 2147483647;
			files = (
				4F86DE7C5BE509E0FD7EABEF /* libPods.a in Frameworks */,
			);
			runOnlyForDeploymentPostprocessing = 0;
		};
/* End PBXFrameworksBuildPhase section */

/* Begin PBXGroup section */
		27AECB39E11DBD8BAD6190B5 /* Pods */ = {
			isa = PBXGroup;
			children = (
				4FBE1F7903C16172E740FDC7 /* Pods.debug.xcconfig */,
				63E84DF0148655B8538E1245 /* Pods.release.xcconfig */,
			);
			name = Pods;
			sourceTree = "<group>";
		};
		28BD4D251CB7590500387028 = {
			isa = PBXGroup;
			children = (
				28BD4D301CB7590500387028 /* DemoYYText */,
				28BD4D2F1CB7590500387028 /* Products */,
				27AECB39E11DBD8BAD6190B5 /* Pods */,
				C4E7F4AA92EF909A77961C47 /* Frameworks */,
			);
			sourceTree = "<group>";
		};
		28BD4D2F1CB7590500387028 /* Products */ = {
			isa = PBXGroup;
			children = (
				28BD4D2E1CB7590500387028 /* DemoYYText.app */,
			);
			name = Products;
			sourceTree = "<group>";
		};
		28BD4D301CB7590500387028 /* DemoYYText */ = {
			isa = PBXGroup;
			children = (
				28BD4D341CB7590500387028 /* AppDelegate.h */,
				28BD4D351CB7590500387028 /* AppDelegate.m */,
				28BD4D371CB7590500387028 /* ViewController.h */,
				28BD4D381CB7590500387028 /* ViewController.m */,
				28BD4D4F1CB7A2C800387028 /* SeViewController.h */,
				28BD4D501CB7A2C800387028 /* SeViewController.m */,
				28BD4D481CB75DD200387028 /* YYTextExampleHelper.h */,
				28BD4D491CB75DD200387028 /* YYTextExampleHelper.m */,
				28BD4D4B1CB75F0D00387028 /* dribbble256_imageio.png */,
				28BD4D4D1CB78D9800387028 /* dribbble64_imageio.png */,
				28BD4D3A1CB7590500387028 /* Main.storyboard */,
				28BD4D3D1CB7590500387028 /* Assets.xcassets */,
				28BD4D3F1CB7590500387028 /* LaunchScreen.storyboard */,
				28BD4D421CB7590500387028 /* Info.plist */,
				28BD4D311CB7590500387028 /* Supporting Files */,
			);
			path = DemoYYText;
			sourceTree = "<group>";
		};
		28BD4D311CB7590500387028 /* Supporting Files */ = {
			isa = PBXGroup;
			children = (
				28BD4D321CB7590500387028 /* main.m */,
			);
			name = "Supporting Files";
			sourceTree = "<group>";
		};
		C4E7F4AA92EF909A77961C47 /* Frameworks */ = {
			isa = PBXGroup;
			children = (
				47886B3A38014E197BCC3AE9 /* libPods.a */,
			);
			name = Frameworks;
			sourceTree = "<group>";
		};
/* End PBXGroup section */

/* Begin PBXNativeTarget section */
		28BD4D2D1CB7590500387028 /* DemoYYText */ = {
			isa = PBXNativeTarget;
			buildConfigurationList = 28BD4D451CB7590500387028 /* Build configuration list for PBXNativeTarget "DemoYYText" */;
			buildPhases = (
				1EF0DA9B20E7C899E6FA020D /* Check Pods Manifest.lock */,
				28BD4D2A1CB7590500387028 /* Sources */,
				28BD4D2B1CB7590500387028 /* Frameworks */,
				28BD4D2C1CB7590500387028 /* Resources */,
				A3221B7AC0F83C9DC9F50CA3 /* Embed Pods Frameworks */,
				C0053D39E2387594189E609E /* Copy Pods Resources */,
			);
			buildRules = (
			);
			dependencies = (
			);
			name = DemoYYText;
			productName = DemoYYText;
			productReference = 28BD4D2E1CB7590500387028 /* DemoYYText.app */;
			productType = "com.apple.product-type.application";
		};
/* End PBXNativeTarget section */

/* Begin PBXProject section */
		28BD4D261CB7590500387028 /* Project object */ = {
			isa = PBXProject;
			attributes = {
				LastUpgradeCheck = 0730;
				ORGANIZATIONNAME = v2panda;
				TargetAttributes = {
					28BD4D2D1CB7590500387028 = {
						CreatedOnToolsVersion = 7.3;
					};
				};
			};
			buildConfigurationList = 28BD4D291CB7590500387028 /* Build configuration list for PBXProject "DemoYYText" */;
			compatibilityVersion = "Xcode 3.2";
			developmentRegion = English;
			hasScannedForEncodings = 0;
			knownRegions = (
				en,
				Base,
			);
			mainGroup = 28BD4D251CB7590500387028;
			productRefGroup = 28BD4D2F1CB7590500387028 /* Products */;
			projectDirPath = "";
			projectRoot = "";
			targets = (
				28BD4D2D1CB7590500387028 /* DemoYYText */,
			);
		};
/* End PBXProject section */

/* Begin PBXResourcesBuildPhase section */
		28BD4D2C1CB7590500387028 /* Resources */ = {
			isa = PBXResourcesBuildPhase;
			buildActionMask = 2147483647;
			files = (
				28BD4D411CB7590500387028 /* LaunchScreen.storyboard in Resources */,
				28BD4D3E1CB7590500387028 /* Assets.xcassets in Resources */,
				28BD4D3C1CB7590500387028 /* Main.storyboard in Resources */,
				28BD4D4C1CB75F0D00387028 /* dribbble256_imageio.png in Resources */,
				28BD4D4E1CB78D9800387028 /* dribbble64_imageio.png in Resources */,
			);
			runOnlyForDeploymentPostprocessing = 0;
		};
/* End PBXResourcesBuildPhase section */

/* Begin PBXShellScriptBuildPhase section */
		1EF0DA9B20E7C899E6FA020D /* Check Pods Manifest.lock */ = {
			isa = PBXShellScriptBuildPhase;
			buildActionMask = 2147483647;
			files = (
			);
			inputPaths = (
			);
			name = "Check Pods Manifest.lock";
			outputPaths = (
			);
			runOnlyForDeploymentPostprocessing = 0;
			shellPath = /bin/sh;
			shellScript = "diff \"${PODS_ROOT}/../Podfile.lock\" \"${PODS_ROOT}/Manifest.lock\" > /dev/null\nif [[ $? != 0 ]] ; then\n    cat << EOM\nerror: The sandbox is not in sync with the Podfile.lock. Run 'pod install' or update your CocoaPods installation.\nEOM\n    exit 1\nfi\n";
			showEnvVarsInLog = 0;
		};
		A3221B7AC0F83C9DC9F50CA3 /* Embed Pods Frameworks */ = {
			isa = PBXShellScriptBuildPhase;
			buildActionMask = 2147483647;
			files = (
			);
			inputPaths = (
			);
			name = "Embed Pods Frameworks";
			outputPaths = (
			);
			runOnlyForDeploymentPostprocessing = 0;
			shellPath = /bin/sh;
			shellScript = "\"${SRCROOT}/Pods/Target Support Files/Pods/Pods-frameworks.sh\"\n";
			showEnvVarsInLog = 0;
		};
		C0053D39E2387594189E609E /* Copy Pods Resources */ = {
			isa = PBXShellScriptBuildPhase;
			buildActionMask = 2147483647;
			files = (
			);
			inputPaths = (
			);
			name = "Copy Pods Resources";
			outputPaths = (
			);
			runOnlyForDeploymentPostprocessing = 0;
			shellPath = /bin/sh;
			shellScript = "\"${SRCROOT}/Pods/Target Support Files/Pods/Pods-resources.sh\"\n";
			showEnvVarsInLog = 0;
		};
/* End PBXShellScriptBuildPhase section */

/* Begin PBXSourcesBuildPhase section */
		28BD4D2A1CB7590500387028 /* Sources */ = {
			isa = PBXSourcesBuildPhase;
			buildActionMask = 2147483647;
			files = (
				28BD4D391CB7590500387028 /* ViewController.m in Sources */,
				28BD4D361CB7590500387028 /* AppDelegate.m in Sources */,
				28BD4D511CB7A2C800387028 /* SeViewController.m in Sources */,
				28BD4D331CB7590500387028 /* main.m in Sources */,
				28BD4D4A1CB75DD200387028 /* YYTextExampleHelper.m in Sources */,
			);
			runOnlyForDeploymentPostprocessing = 0;
		};
/* End PBXSourcesBuildPhase section */

/* Begin PBXVariantGroup section */
		28BD4D3A1CB7590500387028 /* Main.storyboard */ = {
			isa = PBXVariantGroup;
			children = (
				28BD4D3B1CB7590500387028 /* Base */,
			);
			name = Main.storyboard;
			sourceTree = "<group>";
		};
		28BD4D3F1CB7590500387028 /* LaunchScreen.storyboard */ = {
			isa = PBXVariantGroup;
			children = (
				28BD4D401CB7590500387028 /* Base */,
			);
			name = LaunchScreen.storyboard;
			sourceTree = "<group>";
		};
/* End PBXVariantGroup section */

/* Begin XCBuildConfiguration section */
		28BD4D431CB7590500387028 /* Debug */ = {
			isa = XCBuildConfiguration;
			buildSettings = {
				ALWAYS_SEARCH_USER_PATHS = NO;
				CLANG_ANALYZER_NONNULL = YES;
				CLANG_CXX_LANGUAGE_STANDARD = "gnu++0x";
				CLANG_CXX_LIBRARY = "libc++";
				CLANG_ENABLE_MODULES = YES;
				CLANG_ENABLE_OBJC_ARC = YES;
				CLANG_WARN_BOOL_CONVERSION = YES;
				CLANG_WARN_CONSTANT_CONVERSION = YES;
				CLANG_WARN_DIRECT_OBJC_ISA_USAGE = YES_ERROR;
				CLANG_WARN_EMPTY_BODY = YES;
				CLANG_WARN_ENUM_CONVERSION = YES;
				CLANG_WARN_INT_CONVERSION = YES;
				CLANG_WARN_OBJC_ROOT_CLASS = YES_ERROR;
				CLANG_WARN_UNREACHABLE_CODE = YES;
				CLANG_WARN__DUPLICATE_METHOD_MATCH = YES;
				"CODE_SIGN_IDENTITY[sdk=iphoneos*]" = "iPhone Developer";
				COPY_PHASE_STRIP = NO;
				DEBUG_INFORMATION_FORMAT = dwarf;
				ENABLE_STRICT_OBJC_MSGSEND = YES;
				ENABLE_TESTABILITY = YES;
				GCC_C_LANGUAGE_STANDARD = gnu99;
				GCC_DYNAMIC_NO_PIC = NO;
				GCC_NO_COMMON_BLOCKS = YES;
				GCC_OPTIMIZATION_LEVEL = 0;
				GCC_PREPROCESSOR_DEFINITIONS = (
					"DEBUG=1",
					"$(inherited)",
				);
				GCC_WARN_64_TO_32_BIT_CONVERSION = YES;
				GCC_WARN_ABOUT_RETURN_TYPE = YES_ERROR;
				GCC_WARN_UNDECLARED_SELECTOR = YES;
				GCC_WARN_UNINITIALIZED_AUTOS = YES_AGGRESSIVE;
				GCC_WARN_UNUSED_FUNCTION = YES;
				GCC_WARN_UNUSED_VARIABLE = YES;
				IPHONEOS_DEPLOYMENT_TARGET = 9.3;
				MTL_ENABLE_DEBUG_INFO = YES;
				ONLY_ACTIVE_ARCH = YES;
				SDKROOT = iphoneos;
				TARGETED_DEVICE_FAMILY = "1,2";
			};
			name = Debug;
		};
		28BD4D441CB7590500387028 /* Release */ = {
			isa = XCBuildConfiguration;
			buildSettings = {
				ALWAYS_SEARCH_USER_PATHS = NO;
				CLANG_ANALYZER_NONNULL = YES;
				CLANG_CXX_LANGUAGE_STANDARD = "gnu++0x";
				CLANG_CXX_LIBRARY = "libc++";
				CLANG_ENABLE_MODULES = YES;
				CLANG_ENABLE_OBJC_ARC = YES;
				CLANG_WARN_BOOL_CONVERSION = YES;
				CLANG_WARN_CONSTANT_CONVERSION = YES;
				CLANG_WARN_DIRECT_OBJC_ISA_USAGE = YES_ERROR;
				CLANG_WARN_EMPTY_BODY = YES;
				CLANG_WARN_ENUM_CONVERSION = YES;
				CLANG_WARN_INT_CONVERSION = YES;
				CLANG_WARN_OBJC_ROOT_CLASS = YES_ERROR;
				CLANG_WARN_UNREACHABLE_CODE = YES;
				CLANG_WARN__DUPLICATE_METHOD_MATCH = YES;
				"CODE_SIGN_IDENTITY[sdk=iphoneos*]" = "iPhone Developer";
				COPY_PHASE_STRIP = NO;
				DEBUG_INFORMATION_FORMAT = "dwarf-with-dsym";
				ENABLE_NS_ASSERTIONS = NO;
				ENABLE_STRICT_OBJC_MSGSEND = YES;
				GCC_C_LANGUAGE_STANDARD = gnu99;
				GCC_NO_COMMON_BLOCKS = YES;
				GCC_WARN_64_TO_32_BIT_CONVERSION = YES;
				GCC_WARN_ABOUT_RETURN_TYPE = YES_ERROR;
				GCC_WARN_UNDECLARED_SELECTOR = YES;
				GCC_WARN_UNINITIALIZED_AUTOS = YES_AGGRESSIVE;
				GCC_WARN_UNUSED_FUNCTION = YES;
				GCC_WARN_UNUSED_VARIABLE = YES;
				IPHONEOS_DEPLOYMENT_TARGET = 9.3;
				MTL_ENABLE_DEBUG_INFO = NO;
				SDKROOT = iphoneos;
				TARGETED_DEVICE_FAMILY = "1,2";
				VALIDATE_PRODUCT = YES;
			};
			name = Release;
		};
		28BD4D461CB7590500387028 /* Debug */ = {
			isa = XCBuildConfiguration;
			baseConfigurationReference = 4FBE1F7903C16172E740FDC7 /* Pods.debug.xcconfig */;
			buildSettings = {
				ASSETCATALOG_COMPILER_APPICON_NAME = AppIcon;
				INFOPLIST_FILE = DemoYYText/Info.plist;
				LD_RUNPATH_SEARCH_PATHS = "$(inherited) @executable_path/Frameworks";
				PRODUCT_BUNDLE_IDENTIFIER = PD.DemoYYText;
				PRODUCT_NAME = "$(TARGET_NAME)";
			};
			name = Debug;
		};
		28BD4D471CB7590500387028 /* Release */ = {
			isa = XCBuildConfiguration;
			baseConfigurationReference = 63E84DF0148655B8538E1245 /* Pods.release.xcconfig */;
			buildSettings = {
				ASSETCATALOG_COMPILER_APPICON_NAME = AppIcon;
				INFOPLIST_FILE = DemoYYText/Info.plist;
				LD_RUNPATH_SEARCH_PATHS = "$(inherited) @executable_path/Frameworks";
				PRODUCT_BUNDLE_IDENTIFIER = PD.DemoYYText;
				PRODUCT_NAME = "$(TARGET_NAME)";
			};
			name = Release;
		};
/* End XCBuildConfiguration section */

/* Begin XCConfigurationList section */
		28BD4D291CB7590500387028 /* Build configuration list for PBXProject "DemoYYText" */ = {
			isa = XCConfigurationList;
			buildConfigurations = (
				28BD4D431CB7590500387028 /* Debug */,
				28BD4D441CB7590500387028 /* Release */,
			);
			defaultConfigurationIsVisible = 0;
			defaultConfigurationName = Release;
		};
		28BD4D451CB7590500387028 /* Build configuration list for PBXNativeTarget "DemoYYText" */ = {
			isa = XCConfigurationList;
			buildConfigurations = (
				28BD4D461CB7590500387028 /* Debug */,
				28BD4D471CB7590500387028 /* Release */,
			);
			defaultConfigurationIsVisible = 0;
			defaultConfigurationName = Release;
		};
/* End XCConfigurationList section */
	};
	rootObject = 28BD4D261CB7590500387028 /* Project object */;
}
