// !$*UTF8*$!
{
	archiveVersion = 1;
	classes = {
	};
	objectVersion = 46;
	objects = {

/* Begin PBXBuildFile section */
		2826DC0F1CB49FF800BB5F41 /* SNBasicNavigationController.m in Sources */ = {isa = PBXBuildFile; fileRef = 2826DC0E1CB49FF800BB5F41 /* SNBasicNavigationController.m */; };
		282AC6611CBB9302002F9A49 /* NSData+PDAdd.m in Sources */ = {isa = PBXBuildFile; fileRef = 282AC6601CBB9302002F9A49 /* NSData+PDAdd.m */; };
		282AC6641CBB9E72002F9A49 /* UIImage+PDAdd.m in Sources */ = {isa = PBXBuildFile; fileRef = 282AC6631CBB9E72002F9A49 /* UIImage+PDAdd.m */; };
		282FD0A51CB359FF000F25DA /* SNBasicViewController.m in Sources */ = {isa = PBXBuildFile; fileRef = 282FD0A41CB359FF000F25DA /* SNBasicViewController.m */; };
		28328B1A1CB639320003A612 /* SNNoteCell.m in Sources */ = {isa = PBXBuildFile; fileRef = 28328B181CB639320003A612 /* SNNoteCell.m */; };
		28328B1B1CB639320003A612 /* SNNoteCell.xib in Resources */ = {isa = PBXBuildFile; fileRef = 28328B191CB639320003A612 /* SNNoteCell.xib */; };
		28328B1E1CB63EBB0003A612 /* NoteModel.m in Sources */ = {isa = PBXBuildFile; fileRef = 28328B1D1CB63EBB0003A612 /* NoteModel.m */; };
		284C545F1CAE0DD1006EDCB8 /* SNRootViewController.m in Sources */ = {isa = PBXBuildFile; fileRef = 284C545E1CAE0DD1006EDCB8 /* SNRootViewController.m */; };
		284C54621CAE0E98006EDCB8 /* UIView+Frame.m in Sources */ = {isa = PBXBuildFile; fileRef = 284C54611CAE0E98006EDCB8 /* UIView+Frame.m */; };
		284C54651CAE10E8006EDCB8 /* NoteBookViewCell.m in Sources */ = {isa = PBXBuildFile; fileRef = 284C54641CAE10E8006EDCB8 /* NoteBookViewCell.m */; };
		284C546B1CAE2572006EDCB8 /* NoteBookModel.m in Sources */ = {isa = PBXBuildFile; fileRef = 284C546A1CAE2572006EDCB8 /* NoteBookModel.m */; };
		2853D7001CB0C490008FB392 /* EditNoteBookViewController.m in Sources */ = {isa = PBXBuildFile; fileRef = 2853D6FF1CB0C490008FB392 /* EditNoteBookViewController.m */; };
		2853D70A1CB0F284008FB392 /* NoteBookDefaultCell.m in Sources */ = {isa = PBXBuildFile; fileRef = 2853D7081CB0F284008FB392 /* NoteBookDefaultCell.m */; };
		2853D70B1CB0F284008FB392 /* NoteBookDefaultCell.xib in Resources */ = {isa = PBXBuildFile; fileRef = 2853D7091CB0F284008FB392 /* NoteBookDefaultCell.xib */; };
		2853D70E1CB0FA0C008FB392 /* NoteCoverCell.m in Sources */ = {isa = PBXBuildFile; fileRef = 2853D70D1CB0FA0C008FB392 /* NoteCoverCell.m */; };
		2853D7111CB101ED008FB392 /* ChooseCoverReusableView.m in Sources */ = {isa = PBXBuildFile; fileRef = 2853D7101CB101ED008FB392 /* ChooseCoverReusableView.m */; };
		2853D7141CB108E6008FB392 /* NoteCoverModel.m in Sources */ = {isa = PBXBuildFile; fileRef = 2853D7131CB108E6008FB392 /* NoteCoverModel.m */; };
		286409621CC75984006A628B /* Welcome.storyboard in Resources */ = {isa = PBXBuildFile; fileRef = 286409611CC75984006A628B /* Welcome.storyboard */; };
		286409661CC75D99006A628B /* WelcomeViewController.m in Sources */ = {isa = PBXBuildFile; fileRef = 286409651CC75D99006A628B /* WelcomeViewController.m */; };
		286409691CC75DD4006A628B /* StepOneViewController.m in Sources */ = {isa = PBXBuildFile; fileRef = 286409681CC75DD4006A628B /* StepOneViewController.m */; };
		2864096C1CC75DDE006A628B /* StepTwoViewController.m in Sources */ = {isa = PBXBuildFile; fileRef = 2864096B1CC75DDE006A628B /* StepTwoViewController.m */; };
		2864096F1CC75DE9006A628B /* StepThreeViewController.m in Sources */ = {isa = PBXBuildFile; fileRef = 2864096E1CC75DE9006A628B /* StepThreeViewController.m */; };
		2865A58F1CEAFA7700709CD9 /* SNSettingViewController.m in Sources */ = {isa = PBXBuildFile; fileRef = 2865A58E1CEAFA7700709CD9 /* SNSettingViewController.m */; };
		2866CE2A1CACF83F00518F16 /* main.m in Sources */ = {isa = PBXBuildFile; fileRef = 2866CE291CACF83F00518F16 /* main.m */; };
		2866CE2D1CACF83F00518F16 /* AppDelegate.m in Sources */ = {isa = PBXBuildFile; fileRef = 2866CE2C1CACF83F00518F16 /* AppDelegate.m */; };
		2866CE331CACF83F00518F16 /* Main.storyboard in Resources */ = {isa = PBXBuildFile; fileRef = 2866CE311CACF83F00518F16 /* Main.storyboard */; };
		2866CE351CACF83F00518F16 /* Assets.xcassets in Resources */ = {isa = PBXBuildFile; fileRef = 2866CE341CACF83F00518F16 /* Assets.xcassets */; };
		2866CE381CACF83F00518F16 /* LaunchScreen.storyboard in Resources */ = {isa = PBXBuildFile; fileRef = 2866CE361CACF83F00518F16 /* LaunchScreen.storyboard */; };
		2866CE511CAD000B00518F16 /* SNLeftViewController.m in Sources */ = {isa = PBXBuildFile; fileRef = 2866CE501CAD000B00518F16 /* SNLeftViewController.m */; };
		2866CE541CAD004B00518F16 /* SNMainViewController.m in Sources */ = {isa = PBXBuildFile; fileRef = 2866CE531CAD004B00518F16 /* SNMainViewController.m */; };
		28DB7A951CC476E700BB01B0 /* SNRealmHelper.m in Sources */ = {isa = PBXBuildFile; fileRef = 28DB7A941CC476E700BB01B0 /* SNRealmHelper.m */; };
		7CA44B411CDDDEFE0010098E /* Login&Register.storyboard in Resources */ = {isa = PBXBuildFile; fileRef = 7CA44B401CDDDEFE0010098E /* Login&Register.storyboard */; };
		7CA44B441CE213E30010098E /* LoginViewController.m in Sources */ = {isa = PBXBuildFile; fileRef = 7CA44B431CE213E30010098E /* LoginViewController.m */; };
		7CA44B471CE213EF0010098E /* RegisterViewController.m in Sources */ = {isa = PBXBuildFile; fileRef = 7CA44B461CE213EF0010098E /* RegisterViewController.m */; };
		7CD961A81CB40B3200D16398 /* CreateNoteBookID.m in Sources */ = {isa = PBXBuildFile; fileRef = 7CD961A71CB40B3200D16398 /* CreateNoteBookID.m */; };
		7CD961AD1CB5547300D16398 /* UIViewController+ScrollingNavbar.m in Sources */ = {isa = PBXBuildFile; fileRef = 7CD961AC1CB5547300D16398 /* UIViewController+ScrollingNavbar.m */; };
		7CD961B31CB6964800D16398 /* EditNoteViewController.m in Sources */ = {isa = PBXBuildFile; fileRef = 7CD961B21CB6964800D16398 /* EditNoteViewController.m */; };
		7CD961E11CBE93AF00D16398 /* NSString+PDAdd.m in Sources */ = {isa = PBXBuildFile; fileRef = 7CD961E01CBE93AF00D16398 /* NSString+PDAdd.m */; };
		CCAFFC66A513204BD9DA33A6 /* libPods.a in Frameworks */ = {isa = PBXBuildFile; fileRef = F3F9E4EFEE3A4A47E42A8146 /* libPods.a */; };
/* End PBXBuildFile section */

/* Begin PBXFileReference section */
		2826DC0D1CB49FF800BB5F41 /* SNBasicNavigationController.h */ = {isa = PBXFileReference; fileEncoding = 4; lastKnownFileType = sourcecode.c.h; path = SNBasicNavigationController.h; sourceTree = "<group>"; };
		2826DC0E1CB49FF800BB5F41 /* SNBasicNavigationController.m */ = {isa = PBXFileReference; fileEncoding = 4; lastKnownFileType = sourcecode.c.objc; path = SNBasicNavigationController.m; sourceTree = "<group>"; };
		282AC65F1CBB9302002F9A49 /* NSData+PDAdd.h */ = {isa = PBXFileReference; fileEncoding = 4; lastKnownFileType = sourcecode.c.h; path = "NSData+PDAdd.h"; sourceTree = "<group>"; };
		282AC6601CBB9302002F9A49 /* NSData+PDAdd.m */ = {isa = PBXFileReference; fileEncoding = 4; lastKnownFileType = sourcecode.c.objc; path = "NSData+PDAdd.m"; sourceTree = "<group>"; };
		282AC6621CBB9E72002F9A49 /* UIImage+PDAdd.h */ = {isa = PBXFileReference; fileEncoding = 4; lastKnownFileType = sourcecode.c.h; path = "UIImage+PDAdd.h"; sourceTree = "<group>"; };
		282AC6631CBB9E72002F9A49 /* UIImage+PDAdd.m */ = {isa = PBXFileReference; fileEncoding = 4; lastKnownFileType = sourcecode.c.objc; path = "UIImage+PDAdd.m"; sourceTree = "<group>"; };
		282FD0A31CB359FF000F25DA /* SNBasicViewController.h */ = {isa = PBXFileReference; fileEncoding = 4; lastKnownFileType = sourcecode.c.h; path = SNBasicViewController.h; sourceTree = "<group>"; };
		282FD0A41CB359FF000F25DA /* SNBasicViewController.m */ = {isa = PBXFileReference; fileEncoding = 4; lastKnownFileType = sourcecode.c.objc; path = SNBasicViewController.m; sourceTree = "<group>"; };
		28328B171CB639320003A612 /* SNNoteCell.h */ = {isa = PBXFileReference; fileEncoding = 4; lastKnownFileType = sourcecode.c.h; path = SNNoteCell.h; sourceTree = "<group>"; };
		28328B181CB639320003A612 /* SNNoteCell.m */ = {isa = PBXFileReference; fileEncoding = 4; lastKnownFileType = sourcecode.c.objc; path = SNNoteCell.m; sourceTree = "<group>"; };
		28328B191CB639320003A612 /* SNNoteCell.xib */ = {isa = PBXFileReference; fileEncoding = 4; lastKnownFileType = file.xib; path = SNNoteCell.xib; sourceTree = "<group>"; };
		28328B1C1CB63EBB0003A612 /* NoteModel.h */ = {isa = PBXFileReference; fileEncoding = 4; lastKnownFileType = sourcecode.c.h; path = NoteModel.h; sourceTree = "<group>"; };
		28328B1D1CB63EBB0003A612 /* NoteModel.m */ = {isa = PBXFileReference; fileEncoding = 4; lastKnownFileType = sourcecode.c.objc; path = NoteModel.m; sourceTree = "<group>"; };
		284C545D1CAE0DD1006EDCB8 /* SNRootViewController.h */ = {isa = PBXFileReference; fileEncoding = 4; lastKnownFileType = sourcecode.c.h; path = SNRootViewController.h; sourceTree = "<group>"; };
		284C545E1CAE0DD1006EDCB8 /* SNRootViewController.m */ = {isa = PBXFileReference; fileEncoding = 4; lastKnownFileType = sourcecode.c.objc; path = SNRootViewController.m; sourceTree = "<group>"; };
		284C54601CAE0E98006EDCB8 /* UIView+Frame.h */ = {isa = PBXFileReference; fileEncoding = 4; lastKnownFileType = sourcecode.c.h; path = "UIView+Frame.h"; sourceTree = "<group>"; };
		284C54611CAE0E98006EDCB8 /* UIView+Frame.m */ = {isa = PBXFileReference; fileEncoding = 4; lastKnownFileType = sourcecode.c.objc; path = "UIView+Frame.m"; sourceTree = "<group>"; };
		284C54631CAE10E8006EDCB8 /* NoteBookViewCell.h */ = {isa = PBXFileReference; fileEncoding = 4; lastKnownFileType = sourcecode.c.h; path = NoteBookViewCell.h; sourceTree = "<group>"; };
		284C54641CAE10E8006EDCB8 /* NoteBookViewCell.m */ = {isa = PBXFileReference; fileEncoding = 4; lastKnownFileType = sourcecode.c.objc; path = NoteBookViewCell.m; sourceTree = "<group>"; };
		284C54691CAE2572006EDCB8 /* NoteBookModel.h */ = {isa = PBXFileReference; fileEncoding = 4; lastKnownFileType = sourcecode.c.h; path = NoteBookModel.h; sourceTree = "<group>"; };
		284C546A1CAE2572006EDCB8 /* NoteBookModel.m */ = {isa = PBXFileReference; fileEncoding = 4; lastKnownFileType = sourcecode.c.objc; path = NoteBookModel.m; sourceTree = "<group>"; };
		2853D6FE1CB0C490008FB392 /* EditNoteBookViewController.h */ = {isa = PBXFileReference; fileEncoding = 4; lastKnownFileType = sourcecode.c.h; path = EditNoteBookViewController.h; sourceTree = "<group>"; };
		2853D6FF1CB0C490008FB392 /* EditNoteBookViewController.m */ = {isa = PBXFileReference; fileEncoding = 4; lastKnownFileType = sourcecode.c.objc; path = EditNoteBookViewController.m; sourceTree = "<group>"; };
		2853D7071CB0F284008FB392 /* NoteBookDefaultCell.h */ = {isa = PBXFileReference; fileEncoding = 4; lastKnownFileType = sourcecode.c.h; path = NoteBookDefaultCell.h; sourceTree = "<group>"; };
		2853D7081CB0F284008FB392 /* NoteBookDefaultCell.m */ = {isa = PBXFileReference; fileEncoding = 4; lastKnownFileType = sourcecode.c.objc; path = NoteBookDefaultCell.m; sourceTree = "<group>"; };
		2853D7091CB0F284008FB392 /* NoteBookDefaultCell.xib */ = {isa = PBXFileReference; fileEncoding = 4; lastKnownFileType = file.xib; path = NoteBookDefaultCell.xib; sourceTree = "<group>"; };
		2853D70C1CB0FA0C008FB392 /* NoteCoverCell.h */ = {isa = PBXFileReference; fileEncoding = 4; lastKnownFileType = sourcecode.c.h; path = NoteCoverCell.h; sourceTree = "<group>"; };
		2853D70D1CB0FA0C008FB392 /* NoteCoverCell.m */ = {isa = PBXFileReference; fileEncoding = 4; lastKnownFileType = sourcecode.c.objc; path = NoteCoverCell.m; sourceTree = "<group>"; };
		2853D70F1CB101ED008FB392 /* ChooseCoverReusableView.h */ = {isa = PBXFileReference; fileEncoding = 4; lastKnownFileType = sourcecode.c.h; path = ChooseCoverReusableView.h; sourceTree = "<group>"; };
		2853D7101CB101ED008FB392 /* ChooseCoverReusableView.m */ = {isa = PBXFileReference; fileEncoding = 4; lastKnownFileType = sourcecode.c.objc; path = ChooseCoverReusableView.m; sourceTree = "<group>"; };
		2853D7121CB108E6008FB392 /* NoteCoverModel.h */ = {isa = PBXFileReference; fileEncoding = 4; lastKnownFileType = sourcecode.c.h; path = NoteCoverModel.h; sourceTree = "<group>"; };
		2853D7131CB108E6008FB392 /* NoteCoverModel.m */ = {isa = PBXFileReference; fileEncoding = 4; lastKnownFileType = sourcecode.c.objc; path = NoteCoverModel.m; sourceTree = "<group>"; };
		286409611CC75984006A628B /* Welcome.storyboard */ = {isa = PBXFileReference; fileEncoding = 4; lastKnownFileType = file.storyboard; path = Welcome.storyboard; sourceTree = "<group>"; };
		286409641CC75D99006A628B /* WelcomeViewController.h */ = {isa = PBXFileReference; fileEncoding = 4; lastKnownFileType = sourcecode.c.h; path = WelcomeViewController.h; sourceTree = "<group>"; };
		286409651CC75D99006A628B /* WelcomeViewController.m */ = {isa = PBXFileReference; fileEncoding = 4; lastKnownFileType = sourcecode.c.objc; path = WelcomeViewController.m; sourceTree = "<group>"; };
		286409671CC75DD4006A628B /* StepOneViewController.h */ = {isa = PBXFileReference; fileEncoding = 4; lastKnownFileType = sourcecode.c.h; path = StepOneViewController.h; sourceTree = "<group>"; };
		286409681CC75DD4006A628B /* StepOneViewController.m */ = {isa = PBXFileReference; fileEncoding = 4; lastKnownFileType = sourcecode.c.objc; path = StepOneViewController.m; sourceTree = "<group>"; };
		2864096A1CC75DDE006A628B /* StepTwoViewController.h */ = {isa = PBXFileReference; fileEncoding = 4; lastKnownFileType = sourcecode.c.h; path = StepTwoViewController.h; sourceTree = "<group>"; };
		2864096B1CC75DDE006A628B /* StepTwoViewController.m */ = {isa = PBXFileReference; fileEncoding = 4; lastKnownFileType = sourcecode.c.objc; path = StepTwoViewController.m; sourceTree = "<group>"; };
		2864096D1CC75DE9006A628B /* StepThreeViewController.h */ = {isa = PBXFileReference; fileEncoding = 4; lastKnownFileType = sourcecode.c.h; path = StepThreeViewController.h; sourceTree = "<group>"; };
		2864096E1CC75DE9006A628B /* StepThreeViewController.m */ = {isa = PBXFileReference; fileEncoding = 4; lastKnownFileType = sourcecode.c.objc; path = StepThreeViewController.m; sourceTree = "<group>"; };
		2865A58D1CEAFA7700709CD9 /* SNSettingViewController.h */ = {isa = PBXFileReference; fileEncoding = 4; lastKnownFileType = sourcecode.c.h; path = SNSettingViewController.h; sourceTree = "<group>"; };
		2865A58E1CEAFA7700709CD9 /* SNSettingViewController.m */ = {isa = PBXFileReference; fileEncoding = 4; lastKnownFileType = sourcecode.c.objc; path = SNSettingViewController.m; sourceTree = "<group>"; };
		2866CE251CACF83F00518F16 /* SimpleNote.app */ = {isa = PBXFileReference; explicitFileType = wrapper.application; includeInIndex = 0; path = SimpleNote.app; sourceTree = BUILT_PRODUCTS_DIR; };
		2866CE291CACF83F00518F16 /* main.m */ = {isa = PBXFileReference; lastKnownFileType = sourcecode.c.objc; path = main.m; sourceTree = "<group>"; };
		2866CE2B1CACF83F00518F16 /* AppDelegate.h */ = {isa = PBXFileReference; lastKnownFileType = sourcecode.c.h; path = AppDelegate.h; sourceTree = "<group>"; };
		2866CE2C1CACF83F00518F16 /* AppDelegate.m */ = {isa = PBXFileReference; lastKnownFileType = sourcecode.c.objc; path = AppDelegate.m; sourceTree = "<group>"; };
		2866CE321CACF83F00518F16 /* Base */ = {isa = PBXFileReference; lastKnownFileType = file.storyboard; name = Base; path = Base.lproj/Main.storyboard; sourceTree = "<group>"; };
		2866CE341CACF83F00518F16 /* Assets.xcassets */ = {isa = PBXFileReference; lastKnownFileType = folder.assetcatalog; path = Assets.xcassets; sourceTree = "<group>"; };
		2866CE371CACF83F00518F16 /* Base */ = {isa = PBXFileReference; lastKnownFileType = file.storyboard; name = Base; path = Base.lproj/LaunchScreen.storyboard; sourceTree = "<group>"; };
		2866CE391CACF83F00518F16 /* Info.plist */ = {isa = PBXFileReference; lastKnownFileType = text.plist.xml; path = Info.plist; sourceTree = "<group>"; };
		2866CE4F1CAD000B00518F16 /* SNLeftViewController.h */ = {isa = PBXFileReference; fileEncoding = 4; lastKnownFileType = sourcecode.c.h; path = SNLeftViewController.h; sourceTree = "<group>"; };
		2866CE501CAD000B00518F16 /* SNLeftViewController.m */ = {isa = PBXFileReference; fileEncoding = 4; lastKnownFileType = sourcecode.c.objc; path = SNLeftViewController.m; sourceTree = "<group>"; };
		2866CE521CAD004B00518F16 /* SNMainViewController.h */ = {isa = PBXFileReference; fileEncoding = 4; lastKnownFileType = sourcecode.c.h; path = SNMainViewController.h; sourceTree = "<group>"; };
		2866CE531CAD004B00518F16 /* SNMainViewController.m */ = {isa = PBXFileReference; fileEncoding = 4; lastKnownFileType = sourcecode.c.objc; path = SNMainViewController.m; sourceTree = "<group>"; };
		2866CE581CAD017700518F16 /* Common.h */ = {isa = PBXFileReference; lastKnownFileType = sourcecode.c.h; path = Common.h; sourceTree = "<group>"; };
		2866CE621CAD16B700518F16 /* SimpleNoteHeader.pch */ = {isa = PBXFileReference; lastKnownFileType = sourcecode.c.h; path = SimpleNoteHeader.pch; sourceTree = "<group>"; };
		28DB7A931CC476E700BB01B0 /* SNRealmHelper.h */ = {isa = PBXFileReference; fileEncoding = 4; lastKnownFileType = sourcecode.c.h; path = SNRealmHelper.h; sourceTree = "<group>"; };
		28DB7A941CC476E700BB01B0 /* SNRealmHelper.m */ = {isa = PBXFileReference; fileEncoding = 4; lastKnownFileType = sourcecode.c.objc; path = SNRealmHelper.m; sourceTree = "<group>"; };
		424214600FB2A82426CE325F /* Pods.release.xcconfig */ = {isa = PBXFileReference; includeInIndex = 1; lastKnownFileType = text.xcconfig; name = Pods.release.xcconfig; path = "Pods/Target Support Files/Pods/Pods.release.xcconfig"; sourceTree = "<group>"; };
		7CA44B401CDDDEFE0010098E /* Login&Register.storyboard */ = {isa = PBXFileReference; fileEncoding = 4; lastKnownFileType = file.storyboard; name = "Login&Register.storyboard"; path = "../Sections/Controllers/Login&Register/Login&Register.storyboard"; sourceTree = "<group>"; };
		7CA44B421CE213E30010098E /* LoginViewController.h */ = {isa = PBXFileReference; fileEncoding = 4; lastKnownFileType = sourcecode.c.h; path = LoginViewController.h; sourceTree = "<group>"; };
		7CA44B431CE213E30010098E /* LoginViewController.m */ = {isa = PBXFileReference; fileEncoding = 4; lastKnownFileType = sourcecode.c.objc; path = LoginViewController.m; sourceTree = "<group>"; };
		7CA44B451CE213EF0010098E /* RegisterViewController.h */ = {isa = PBXFileReference; fileEncoding = 4; lastKnownFileType = sourcecode.c.h; path = RegisterViewController.h; sourceTree = "<group>"; };
		7CA44B461CE213EF0010098E /* RegisterViewController.m */ = {isa = PBXFileReference; fileEncoding = 4; lastKnownFileType = sourcecode.c.objc; path = RegisterViewController.m; sourceTree = "<group>"; };
		7CD961A61CB40B3200D16398 /* CreateNoteBookID.h */ = {isa = PBXFileReference; fileEncoding = 4; lastKnownFileType = sourcecode.c.h; path = CreateNoteBookID.h; sourceTree = "<group>"; };
		7CD961A71CB40B3200D16398 /* CreateNoteBookID.m */ = {isa = PBXFileReference; fileEncoding = 4; lastKnownFileType = sourcecode.c.objc; path = CreateNoteBookID.m; sourceTree = "<group>"; };
		7CD961AA1CB5547300D16398 /* AMScrollingNavbar.h */ = {isa = PBXFileReference; fileEncoding = 4; lastKnownFileType = sourcecode.c.h; path = AMScrollingNavbar.h; sourceTree = "<group>"; };
		7CD961AB1CB5547300D16398 /* UIViewController+ScrollingNavbar.h */ = {isa = PBXFileReference; fileEncoding = 4; lastKnownFileType = sourcecode.c.h; path = "UIViewController+ScrollingNavbar.h"; sourceTree = "<group>"; };
		7CD961AC1CB5547300D16398 /* UIViewController+ScrollingNavbar.m */ = {isa = PBXFileReference; fileEncoding = 4; lastKnownFileType = sourcecode.c.objc; path = "UIViewController+ScrollingNavbar.m"; sourceTree = "<group>"; };
		7CD961B11CB6964800D16398 /* EditNoteViewController.h */ = {isa = PBXFileReference; fileEncoding = 4; lastKnownFileType = sourcecode.c.h; path = EditNoteViewController.h; sourceTree = "<group>"; };
		7CD961B21CB6964800D16398 /* EditNoteViewController.m */ = {isa = PBXFileReference; fileEncoding = 4; lastKnownFileType = sourcecode.c.objc; path = EditNoteViewController.m; sourceTree = "<group>"; };
		7CD961DF1CBE93AF00D16398 /* NSString+PDAdd.h */ = {isa = PBXFileReference; fileEncoding = 4; lastKnownFileType = sourcecode.c.h; path = "NSString+PDAdd.h"; sourceTree = "<group>"; };
		7CD961E01CBE93AF00D16398 /* NSString+PDAdd.m */ = {isa = PBXFileReference; fileEncoding = 4; lastKnownFileType = sourcecode.c.objc; path = "NSString+PDAdd.m"; sourceTree = "<group>"; };
		B792EFFCF13D7AF887546C8F /* Pods.debug.xcconfig */ = {isa = PBXFileReference; includeInIndex = 1; lastKnownFileType = text.xcconfig; name = Pods.debug.xcconfig; path = "Pods/Target Support Files/Pods/Pods.debug.xcconfig"; sourceTree = "<group>"; };
		F3F9E4EFEE3A4A47E42A8146 /* libPods.a */ = {isa = PBXFileReference; explicitFileType = archive.ar; includeInIndex = 0; path = libPods.a; sourceTree = BUILT_PRODUCTS_DIR; };
/* End PBXFileReference section */

/* Begin PBXFrameworksBuildPhase section */
		2866CE221CACF83F00518F16 /* Frameworks */ = {
			isa = PBXFrameworksBuildPhase;
			buildActionMask = 2147483647;
			files = (
				CCAFFC66A513204BD9DA33A6 /* libPods.a in Frameworks */,
			);
			runOnlyForDeploymentPostprocessing = 0;
		};
/* End PBXFrameworksBuildPhase section */

/* Begin PBXGroup section */
		284C545B1CAE0DD1006EDCB8 /* Categories */ = {
			isa = PBXGroup;
			children = (
				284C54601CAE0E98006EDCB8 /* UIView+Frame.h */,
				284C54611CAE0E98006EDCB8 /* UIView+Frame.m */,
				282AC65F1CBB9302002F9A49 /* NSData+PDAdd.h */,
				282AC6601CBB9302002F9A49 /* NSData+PDAdd.m */,
				282AC6621CBB9E72002F9A49 /* UIImage+PDAdd.h */,
				282AC6631CBB9E72002F9A49 /* UIImage+PDAdd.m */,
				7CD961DF1CBE93AF00D16398 /* NSString+PDAdd.h */,
				7CD961E01CBE93AF00D16398 /* NSString+PDAdd.m */,
			);
			path = Categories;
			sourceTree = "<group>";
		};
		284C545C1CAE0DD1006EDCB8 /* Controllers */ = {
			isa = PBXGroup;
			children = (
				284C545D1CAE0DD1006EDCB8 /* SNRootViewController.h */,
				284C545E1CAE0DD1006EDCB8 /* SNRootViewController.m */,
				2826DC0D1CB49FF800BB5F41 /* SNBasicNavigationController.h */,
				2826DC0E1CB49FF800BB5F41 /* SNBasicNavigationController.m */,
				282FD0A31CB359FF000F25DA /* SNBasicViewController.h */,
				282FD0A41CB359FF000F25DA /* SNBasicViewController.m */,
			);
			path = Controllers;
			sourceTree = "<group>";
		};
		286409631CC75D82006A628B /* Welcome */ = {
			isa = PBXGroup;
			children = (
				286409641CC75D99006A628B /* WelcomeViewController.h */,
				286409651CC75D99006A628B /* WelcomeViewController.m */,
				286409671CC75DD4006A628B /* StepOneViewController.h */,
				286409681CC75DD4006A628B /* StepOneViewController.m */,
				2864096A1CC75DDE006A628B /* StepTwoViewController.h */,
				2864096B1CC75DDE006A628B /* StepTwoViewController.m */,
				2864096D1CC75DE9006A628B /* StepThreeViewController.h */,
				2864096E1CC75DE9006A628B /* StepThreeViewController.m */,
			);
			path = Welcome;
			sourceTree = "<group>";
		};
		2866CE1C1CACF83F00518F16 = {
			isa = PBXGroup;
			children = (
				2866CE271CACF83F00518F16 /* SimpleNote */,
				7157E56220D5C5B4E741D8B1 /* Frameworks */,
				C618B6F8ADBF3D25EFC6C9AE /* Pods */,
				2866CE261CACF83F00518F16 /* Products */,
			);
			sourceTree = "<group>";
		};
		2866CE261CACF83F00518F16 /* Products */ = {
			isa = PBXGroup;
			children = (
				2866CE251CACF83F00518F16 /* SimpleNote.app */,
			);
			name = Products;
			sourceTree = "<group>";
		};
		2866CE271CACF83F00518F16 /* SimpleNote */ = {
			isa = PBXGroup;
			children = (
				2866CE3F1CACF87300518F16 /* AppDelegate */,
				2866CE421CACF8C300518F16 /* General */,
				2866CE451CACF8F100518F16 /* Sections */,
				2866CE401CACF88100518F16 /* Helpers */,
				2866CE441CACF8EA00518F16 /* Marco */,
				2866CE411CACF88A00518F16 /* Venders */,
				2866CE431CACF8D900518F16 /* Resources */,
				2866CE281CACF83F00518F16 /* Supporting Files */,
			);
			path = SimpleNote;
			sourceTree = "<group>";
		};
		2866CE281CACF83F00518F16 /* Supporting Files */ = {
			isa = PBXGroup;
			children = (
				2866CE291CACF83F00518F16 /* main.m */,
			);
			path = "Supporting Files";
			sourceTree = "<group>";
		};
		2866CE3F1CACF87300518F16 /* AppDelegate */ = {
			isa = PBXGroup;
			children = (
				2866CE2B1CACF83F00518F16 /* AppDelegate.h */,
				2866CE2C1CACF83F00518F16 /* AppDelegate.m */,
			);
			path = AppDelegate;
			sourceTree = "<group>";
		};
		2866CE401CACF88100518F16 /* Helpers */ = {
			isa = PBXGroup;
			children = (
				7CD961A61CB40B3200D16398 /* CreateNoteBookID.h */,
				7CD961A71CB40B3200D16398 /* CreateNoteBookID.m */,
				28DB7A931CC476E700BB01B0 /* SNRealmHelper.h */,
				28DB7A941CC476E700BB01B0 /* SNRealmHelper.m */,
			);
			path = Helpers;
			sourceTree = "<group>";
		};
		2866CE411CACF88A00518F16 /* Venders */ = {
			isa = PBXGroup;
			children = (
				7CD961A91CB5547300D16398 /* AMScrollingNavbar */,
			);
			path = Venders;
			sourceTree = "<group>";
		};
		2866CE421CACF8C300518F16 /* General */ = {
			isa = PBXGroup;
			children = (
				284C545B1CAE0DD1006EDCB8 /* Categories */,
				284C545C1CAE0DD1006EDCB8 /* Controllers */,
			);
			path = General;
			sourceTree = "<group>";
		};
		2866CE431CACF8D900518F16 /* Resources */ = {
			isa = PBXGroup;
			children = (
				2866CE341CACF83F00518F16 /* Assets.xcassets */,
				2866CE391CACF83F00518F16 /* Info.plist */,
				7CA44B401CDDDEFE0010098E /* Login&Register.storyboard */,
				2866CE361CACF83F00518F16 /* LaunchScreen.storyboard */,
				2866CE311CACF83F00518F16 /* Main.storyboard */,
				286409611CC75984006A628B /* Welcome.storyboard */,
			);
			path = Resources;
			sourceTree = "<group>";
		};
		2866CE441CACF8EA00518F16 /* Marco */ = {
			isa = PBXGroup;
			children = (
				2866CE581CAD017700518F16 /* Common.h */,
				2866CE621CAD16B700518F16 /* SimpleNoteHeader.pch */,
			);
			path = Marco;
			sourceTree = "<group>";
		};
		2866CE451CACF8F100518F16 /* Sections */ = {
			isa = PBXGroup;
			children = (
				2866CE5E1CAD134F00518F16 /* Models */,
				2866CE5D1CAD134B00518F16 /* Views */,
				2866CE5C1CAD133A00518F16 /* Controllers */,
			);
			path = Sections;
			sourceTree = "<group>";
		};
		2866CE5C1CAD133A00518F16 /* Controllers */ = {
			isa = PBXGroup;
			children = (
				2866CE4F1CAD000B00518F16 /* SNLeftViewController.h */,
				2866CE501CAD000B00518F16 /* SNLeftViewController.m */,
				2853D6FE1CB0C490008FB392 /* EditNoteBookViewController.h */,
				2853D6FF1CB0C490008FB392 /* EditNoteBookViewController.m */,
				2865A58D1CEAFA7700709CD9 /* SNSettingViewController.h */,
				2865A58E1CEAFA7700709CD9 /* SNSettingViewController.m */,
				2866CE521CAD004B00518F16 /* SNMainViewController.h */,
				2866CE531CAD004B00518F16 /* SNMainViewController.m */,
				7CD961B11CB6964800D16398 /* EditNoteViewController.h */,
				7CD961B21CB6964800D16398 /* EditNoteViewController.m */,
				7CA44B3F1CDDDECC0010098E /* Login&Register */,
				286409631CC75D82006A628B /* Welcome */,
			);
			path = Controllers;
			sourceTree = "<group>";
		};
		2866CE5D1CAD134B00518F16 /* Views */ = {
			isa = PBXGroup;
			children = (
				2853D70F1CB101ED008FB392 /* ChooseCoverReusableView.h */,
				2853D7101CB101ED008FB392 /* ChooseCoverReusableView.m */,
				2853D7071CB0F284008FB392 /* NoteBookDefaultCell.h */,
				2853D7081CB0F284008FB392 /* NoteBookDefaultCell.m */,
				2853D7091CB0F284008FB392 /* NoteBookDefaultCell.xib */,
				284C54631CAE10E8006EDCB8 /* NoteBookViewCell.h */,
				284C54641CAE10E8006EDCB8 /* NoteBookViewCell.m */,
				2853D70C1CB0FA0C008FB392 /* NoteCoverCell.h */,
				2853D70D1CB0FA0C008FB392 /* NoteCoverCell.m */,
				28328B171CB639320003A612 /* SNNoteCell.h */,
				28328B181CB639320003A612 /* SNNoteCell.m */,
				28328B191CB639320003A612 /* SNNoteCell.xib */,
			);
			path = Views;
			sourceTree = "<group>";
		};
		2866CE5E1CAD134F00518F16 /* Models */ = {
			isa = PBXGroup;
			children = (
				284C54691CAE2572006EDCB8 /* NoteBookModel.h */,
				284C546A1CAE2572006EDCB8 /* NoteBookModel.m */,
				2853D7121CB108E6008FB392 /* NoteCoverModel.h */,
				2853D7131CB108E6008FB392 /* NoteCoverModel.m */,
				28328B1C1CB63EBB0003A612 /* NoteModel.h */,
				28328B1D1CB63EBB0003A612 /* NoteModel.m */,
			);
			path = Models;
			sourceTree = "<group>";
		};
		7157E56220D5C5B4E741D8B1 /* Frameworks */ = {
			isa = PBXGroup;
			children = (
				F3F9E4EFEE3A4A47E42A8146 /* libPods.a */,
			);
			name = Frameworks;
			sourceTree = "<group>";
		};
		7CA44B3F1CDDDECC0010098E /* Login&Register */ = {
			isa = PBXGroup;
			children = (
				7CA44B421CE213E30010098E /* LoginViewController.h */,
				7CA44B431CE213E30010098E /* LoginViewController.m */,
				7CA44B451CE213EF0010098E /* RegisterViewController.h */,
				7CA44B461CE213EF0010098E /* RegisterViewController.m */,
			);
			path = "Login&Register";
			sourceTree = "<group>";
		};
		7CD961A91CB5547300D16398 /* AMScrollingNavbar */ = {
			isa = PBXGroup;
			children = (
				7CD961AA1CB5547300D16398 /* AMScrollingNavbar.h */,
				7CD961AB1CB5547300D16398 /* UIViewController+ScrollingNavbar.h */,
				7CD961AC1CB5547300D16398 /* UIViewController+ScrollingNavbar.m */,
			);
			path = AMScrollingNavbar;
			sourceTree = "<group>";
		};
		C618B6F8ADBF3D25EFC6C9AE /* Pods */ = {
			isa = PBXGroup;
			children = (
				B792EFFCF13D7AF887546C8F /* Pods.debug.xcconfig */,
				424214600FB2A82426CE325F /* Pods.release.xcconfig */,
			);
			name = Pods;
			sourceTree = "<group>";
		};
/* End PBXGroup section */

/* Begin PBXNativeTarget section */
		2866CE241CACF83F00518F16 /* SimpleNote */ = {
			isa = PBXNativeTarget;
			buildConfigurationList = 2866CE3C1CACF83F00518F16 /* Build configuration list for PBXNativeTarget "SimpleNote" */;
			buildPhases = (
				B39F8672FFC0110E250E9D83 /* Check Pods Manifest.lock */,
				2866CE211CACF83F00518F16 /* Sources */,
				2866CE221CACF83F00518F16 /* Frameworks */,
				2866CE231CACF83F00518F16 /* Resources */,
				C0865A6F44E83F6608D036D5 /* Embed Pods Frameworks */,
				3FD8476B3D74E9468F4A76C2 /* Copy Pods Resources */,
			);
			buildRules = (
			);
			dependencies = (
			);
			name = SimpleNote;
			productName = SimpleNote;
			productReference = 2866CE251CACF83F00518F16 /* SimpleNote.app */;
			productType = "com.apple.product-type.application";
		};
/* End PBXNativeTarget section */

/* Begin PBXProject section */
		2866CE1D1CACF83F00518F16 /* Project object */ = {
			isa = PBXProject;
			attributes = {
				LastUpgradeCheck = 0730;
				ORGANIZATIONNAME = v2panda;
				TargetAttributes = {
					2866CE241CACF83F00518F16 = {
						CreatedOnToolsVersion = 7.3;
					};
				};
			};
			buildConfigurationList = 2866CE201CACF83F00518F16 /* Build configuration list for PBXProject "SimpleNote" */;
			compatibilityVersion = "Xcode 3.2";
			developmentRegion = English;
			hasScannedForEncodings = 0;
			knownRegions = (
				en,
				Base,
			);
			mainGroup = 2866CE1C1CACF83F00518F16;
			productRefGroup = 2866CE261CACF83F00518F16 /* Products */;
			projectDirPath = "";
			projectRoot = "";
			targets = (
				2866CE241CACF83F00518F16 /* SimpleNote */,
			);
		};
/* End PBXProject section */

/* Begin PBXResourcesBuildPhase section */
		2866CE231CACF83F00518F16 /* Resources */ = {
			isa = PBXResourcesBuildPhase;
			buildActionMask = 2147483647;
			files = (
				2866CE381CACF83F00518F16 /* LaunchScreen.storyboard in Resources */,
				2866CE351CACF83F00518F16 /* Assets.xcassets in Resources */,
				2853D70B1CB0F284008FB392 /* NoteBookDefaultCell.xib in Resources */,
				28328B1B1CB639320003A612 /* SNNoteCell.xib in Resources */,
				2866CE331CACF83F00518F16 /* Main.storyboard in Resources */,
				286409621CC75984006A628B /* Welcome.storyboard in Resources */,
				7CA44B411CDDDEFE0010098E /* Login&Register.storyboard in Resources */,
			);
			runOnlyForDeploymentPostprocessing = 0;
		};
/* End PBXResourcesBuildPhase section */

/* Begin PBXShellScriptBuildPhase section */
		3FD8476B3D74E9468F4A76C2 /* Copy Pods Resources */ = {
			isa = PBXShellScriptBuildPhase;
			buildActionMask = 2147483647;
			files = (
			);
			inputPaths = (
			);
			name = "Copy Pods Resources";
			outputPaths = (
			);
			runOnlyForDeploymentPostprocessing = 0;
			shellPath = /bin/sh;
			shellScript = "\"${SRCROOT}/Pods/Target Support Files/Pods/Pods-resources.sh\"\n";
			showEnvVarsInLog = 0;
		};
		B39F8672FFC0110E250E9D83 /* Check Pods Manifest.lock */ = {
			isa = PBXShellScriptBuildPhase;
			buildActionMask = 2147483647;
			files = (
			);
			inputPaths = (
			);
			name = "Check Pods Manifest.lock";
			outputPaths = (
			);
			runOnlyForDeploymentPostprocessing = 0;
			shellPath = /bin/sh;
			shellScript = "diff \"${PODS_ROOT}/../Podfile.lock\" \"${PODS_ROOT}/Manifest.lock\" > /dev/null\nif [[ $? != 0 ]] ; then\n    cat << EOM\nerror: The sandbox is not in sync with the Podfile.lock. Run 'pod install' or update your CocoaPods installation.\nEOM\n    exit 1\nfi\n";
			showEnvVarsInLog = 0;
		};
		C0865A6F44E83F6608D036D5 /* Embed Pods Frameworks */ = {
			isa = PBXShellScriptBuildPhase;
			buildActionMask = 2147483647;
			files = (
			);
			inputPaths = (
			);
			name = "Embed Pods Frameworks";
			outputPaths = (
			);
			runOnlyForDeploymentPostprocessing = 0;
			shellPath = /bin/sh;
			shellScript = "\"${SRCROOT}/Pods/Target Support Files/Pods/Pods-frameworks.sh\"\n";
			showEnvVarsInLog = 0;
		};
/* End PBXShellScriptBuildPhase section */

/* Begin PBXSourcesBuildPhase section */
		2866CE211CACF83F00518F16 /* Sources */ = {
			isa = PBXSourcesBuildPhase;
			buildActionMask = 2147483647;
			files = (
				7CA44B441CE213E30010098E /* LoginViewController.m in Sources */,
				282FD0A51CB359FF000F25DA /* SNBasicViewController.m in Sources */,
				28328B1E1CB63EBB0003A612 /* NoteModel.m in Sources */,
				2853D70A1CB0F284008FB392 /* NoteBookDefaultCell.m in Sources */,
				2865A58F1CEAFA7700709CD9 /* SNSettingViewController.m in Sources */,
				7CD961B31CB6964800D16398 /* EditNoteViewController.m in Sources */,
				282AC6641CBB9E72002F9A49 /* UIImage+PDAdd.m in Sources */,
				2853D7141CB108E6008FB392 /* NoteCoverModel.m in Sources */,
				2853D7111CB101ED008FB392 /* ChooseCoverReusableView.m in Sources */,
				282AC6611CBB9302002F9A49 /* NSData+PDAdd.m in Sources */,
				2866CE511CAD000B00518F16 /* SNLeftViewController.m in Sources */,
				284C54621CAE0E98006EDCB8 /* UIView+Frame.m in Sources */,
				2826DC0F1CB49FF800BB5F41 /* SNBasicNavigationController.m in Sources */,
				284C546B1CAE2572006EDCB8 /* NoteBookModel.m in Sources */,
				2853D7001CB0C490008FB392 /* EditNoteBookViewController.m in Sources */,
				28328B1A1CB639320003A612 /* SNNoteCell.m in Sources */,
				2866CE2D1CACF83F00518F16 /* AppDelegate.m in Sources */,
				2864096C1CC75DDE006A628B /* StepTwoViewController.m in Sources */,
				286409661CC75D99006A628B /* WelcomeViewController.m in Sources */,
				2866CE2A1CACF83F00518F16 /* main.m in Sources */,
				286409691CC75DD4006A628B /* StepOneViewController.m in Sources */,
				2864096F1CC75DE9006A628B /* StepThreeViewController.m in Sources */,
				284C545F1CAE0DD1006EDCB8 /* SNRootViewController.m in Sources */,
				28DB7A951CC476E700BB01B0 /* SNRealmHelper.m in Sources */,
				7CD961A81CB40B3200D16398 /* CreateNoteBookID.m in Sources */,
				7CD961E11CBE93AF00D16398 /* NSString+PDAdd.m in Sources */,
				7CA44B471CE213EF0010098E /* RegisterViewController.m in Sources */,
				7CD961AD1CB5547300D16398 /* UIViewController+ScrollingNavbar.m in Sources */,
				2866CE541CAD004B00518F16 /* SNMainViewController.m in Sources */,
				284C54651CAE10E8006EDCB8 /* NoteBookViewCell.m in Sources */,
				2853D70E1CB0FA0C008FB392 /* NoteCoverCell.m in Sources */,
			);
			runOnlyForDeploymentPostprocessing = 0;
		};
/* End PBXSourcesBuildPhase section */

/* Begin PBXVariantGroup section */
		2866CE311CACF83F00518F16 /* Main.storyboard */ = {
			isa = PBXVariantGroup;
			children = (
				2866CE321CACF83F00518F16 /* Base */,
			);
			name = Main.storyboard;
			path = .;
			sourceTree = "<group>";
		};
		2866CE361CACF83F00518F16 /* LaunchScreen.storyboard */ = {
			isa = PBXVariantGroup;
			children = (
				2866CE371CACF83F00518F16 /* Base */,
			);
			name = LaunchScreen.storyboard;
			path = .;
			sourceTree = "<group>";
		};
/* End PBXVariantGroup section */

/* Begin XCBuildConfiguration section */
		2866CE3A1CACF83F00518F16 /* Debug */ = {
			isa = XCBuildConfiguration;
			buildSettings = {
				ALWAYS_SEARCH_USER_PATHS = NO;
				CLANG_ANALYZER_NONNULL = YES;
				CLANG_CXX_LANGUAGE_STANDARD = "gnu++0x";
				CLANG_CXX_LIBRARY = "libc++";
				CLANG_ENABLE_MODULES = YES;
				CLANG_ENABLE_OBJC_ARC = YES;
				CLANG_WARN_BOOL_CONVERSION = YES;
				CLANG_WARN_CONSTANT_CONVERSION = YES;
				CLANG_WARN_DIRECT_OBJC_ISA_USAGE = YES_ERROR;
				CLANG_WARN_EMPTY_BODY = YES;
				CLANG_WARN_ENUM_CONVERSION = YES;
				CLANG_WARN_INT_CONVERSION = YES;
				CLANG_WARN_OBJC_ROOT_CLASS = YES_ERROR;
				CLANG_WARN_UNREACHABLE_CODE = YES;
				CLANG_WARN__DUPLICATE_METHOD_MATCH = YES;
				"CODE_SIGN_IDENTITY[sdk=iphoneos*]" = "iPhone Developer";
				COPY_PHASE_STRIP = NO;
				DEBUG_INFORMATION_FORMAT = dwarf;
				ENABLE_STRICT_OBJC_MSGSEND = YES;
				ENABLE_TESTABILITY = YES;
				GCC_C_LANGUAGE_STANDARD = gnu99;
				GCC_DYNAMIC_NO_PIC = NO;
				GCC_NO_COMMON_BLOCKS = YES;
				GCC_OPTIMIZATION_LEVEL = 0;
				GCC_PREPROCESSOR_DEFINITIONS = (
					"DEBUG=1",
					"$(inherited)",
				);
				GCC_WARN_64_TO_32_BIT_CONVERSION = YES;
				GCC_WARN_ABOUT_RETURN_TYPE = YES_ERROR;
				GCC_WARN_UNDECLARED_SELECTOR = YES;
				GCC_WARN_UNINITIALIZED_AUTOS = YES_AGGRESSIVE;
				GCC_WARN_UNUSED_FUNCTION = YES;
				GCC_WARN_UNUSED_VARIABLE = YES;
				IPHONEOS_DEPLOYMENT_TARGET = 9.3;
				MTL_ENABLE_DEBUG_INFO = YES;
				ONLY_ACTIVE_ARCH = YES;
				SDKROOT = iphoneos;
				TARGETED_DEVICE_FAMILY = "1,2";
			};
			name = Debug;
		};
		2866CE3B1CACF83F00518F16 /* Release */ = {
			isa = XCBuildConfiguration;
			buildSettings = {
				ALWAYS_SEARCH_USER_PATHS = NO;
				CLANG_ANALYZER_NONNULL = YES;
				CLANG_CXX_LANGUAGE_STANDARD = "gnu++0x";
				CLANG_CXX_LIBRARY = "libc++";
				CLANG_ENABLE_MODULES = YES;
				CLANG_ENABLE_OBJC_ARC = YES;
				CLANG_WARN_BOOL_CONVERSION = YES;
				CLANG_WARN_CONSTANT_CONVERSION = YES;
				CLANG_WARN_DIRECT_OBJC_ISA_USAGE = YES_ERROR;
				CLANG_WARN_EMPTY_BODY = YES;
				CLANG_WARN_ENUM_CONVERSION = YES;
				CLANG_WARN_INT_CONVERSION = YES;
				CLANG_WARN_OBJC_ROOT_CLASS = YES_ERROR;
				CLANG_WARN_UNREACHABLE_CODE = YES;
				CLANG_WARN__DUPLICATE_METHOD_MATCH = YES;
				"CODE_SIGN_IDENTITY[sdk=iphoneos*]" = "iPhone Developer";
				COPY_PHASE_STRIP = NO;
				DEBUG_INFORMATION_FORMAT = "dwarf-with-dsym";
				ENABLE_NS_ASSERTIONS = NO;
				ENABLE_STRICT_OBJC_MSGSEND = YES;
				GCC_C_LANGUAGE_STANDARD = gnu99;
				GCC_NO_COMMON_BLOCKS = YES;
				GCC_WARN_64_TO_32_BIT_CONVERSION = YES;
				GCC_WARN_ABOUT_RETURN_TYPE = YES_ERROR;
				GCC_WARN_UNDECLARED_SELECTOR = YES;
				GCC_WARN_UNINITIALIZED_AUTOS = YES_AGGRESSIVE;
				GCC_WARN_UNUSED_FUNCTION = YES;
				GCC_WARN_UNUSED_VARIABLE = YES;
				IPHONEOS_DEPLOYMENT_TARGET = 9.3;
				MTL_ENABLE_DEBUG_INFO = NO;
				SDKROOT = iphoneos;
				TARGETED_DEVICE_FAMILY = "1,2";
				VALIDATE_PRODUCT = YES;
			};
			name = Release;
		};
		2866CE3D1CACF83F00518F16 /* Debug */ = {
			isa = XCBuildConfiguration;
			baseConfigurationReference = B792EFFCF13D7AF887546C8F /* Pods.debug.xcconfig */;
			buildSettings = {
				ASSETCATALOG_COMPILER_APPICON_NAME = AppIcon;
				GCC_PREFIX_HEADER = "$(SRCROOT)/SimpleNote/Marco/SimpleNoteHeader.pch";
				INFOPLIST_FILE = SimpleNote/Resources/Info.plist;
				IPHONEOS_DEPLOYMENT_TARGET = 8.0;
				LD_RUNPATH_SEARCH_PATHS = "$(inherited) @executable_path/Frameworks";
				PRODUCT_BUNDLE_IDENTIFIER = PD.SimpleNote;
				PRODUCT_NAME = "$(TARGET_NAME)";
				TARGETED_DEVICE_FAMILY = 1;
			};
			name = Debug;
		};
		2866CE3E1CACF83F00518F16 /* Release */ = {
			isa = XCBuildConfiguration;
			baseConfigurationReference = 424214600FB2A82426CE325F /* Pods.release.xcconfig */;
			buildSettings = {
				ASSETCATALOG_COMPILER_APPICON_NAME = AppIcon;
				GCC_PREFIX_HEADER = "$(SRCROOT)/SimpleNote/Marco/SimpleNoteHeader.pch";
				INFOPLIST_FILE = SimpleNote/Resources/Info.plist;
				IPHONEOS_DEPLOYMENT_TARGET = 8.0;
				LD_RUNPATH_SEARCH_PATHS = "$(inherited) @executable_path/Frameworks";
				PRODUCT_BUNDLE_IDENTIFIER = PD.SimpleNote;
				PRODUCT_NAME = "$(TARGET_NAME)";
				TARGETED_DEVICE_FAMILY = 1;
			};
			name = Release;
		};
/* End XCBuildConfiguration section */

/* Begin XCConfigurationList section */
		2866CE201CACF83F00518F16 /* Build configuration list for PBXProject "SimpleNote" */ = {
			isa = XCConfigurationList;
			buildConfigurations = (
				2866CE3A1CACF83F00518F16 /* Debug */,
				2866CE3B1CACF83F00518F16 /* Release */,
			);
			defaultConfigurationIsVisible = 0;
			defaultConfigurationName = Release;
		};
		2866CE3C1CACF83F00518F16 /* Build configuration list for PBXNativeTarget "SimpleNote" */ = {
			isa = XCConfigurationList;
			buildConfigurations = (
				2866CE3D1CACF83F00518F16 /* Debug */,
				2866CE3E1CACF83F00518F16 /* Release */,
			);
			defaultConfigurationIsVisible = 0;
			defaultConfigurationName = Release;
		};
/* End XCConfigurationList section */
	};
	rootObject = 2866CE1D1CACF83F00518F16 /* Project object */;
}
